
Microsoft Visual Studio Solution File, Format Version 12.00
# Visual Studio Version 17
VisualStudioVersion = 17.4.33213.308
MinimumVisualStudioVersion = 10.0.40219.1
Project("{9A19103F-16F7-4668-BE54-9A1E7A4F7556}") = "Week11_MyShowList_RequestMyApi", "Week11_MyShowList_RequestMyApi\Week11_MyShowList_RequestMyApi.csproj", "{3E573BD3-AF5E-461F-841E-AEA2B347470E}"
EndProject
Global
	GlobalSection(SolutionConfigurationPlatforms) = preSolution
		Debug|Any CPU = Debug|Any CPU
		Release|Any CPU = Release|Any CPU
	EndGlobalSection
	GlobalSection(ProjectConfigurationPlatforms) = postSolution
		{3E573BD3-AF5E-461F-841E-AEA2B347470E}.Debug|Any CPU.ActiveCfg = Debug|Any CPU
		{3E573BD3-AF5E-461F-841E-AEA2B347470E}.Debug|Any CPU.Build.0 = Debug|Any CPU
		{3E573BD3-AF5E-461F-841E-AEA2B347470E}.Release|Any CPU.ActiveCfg = Release|Any CPU
		{3E573BD3-AF5E-461F-841E-AEA2B347470E}.Release|Any CPU.Build.0 = Release|Any CPU
	EndGlobalSection
	GlobalSection(SolutionProperties) = preSolution
		HideSolutionNode = FALSE
	EndGlobalSection
	GlobalSection(ExtensibilityGlobals) = postSolution
		SolutionGuid = {4FF75883-075A-459F-8E25-DEACB699E3BA}
	EndGlobalSection
EndGlobal
